// !$*UTF8*$!
{
	archiveVersion = 1;
	classes = {
	};
	objectVersion = 50;
	objects = {

/* Begin PBXBuildFile section */
		061025642260FC540004F464 /* Selecting.swift in Sources */ = {isa = PBXBuildFile; fileRef = 061025632260FC530004F464 /* Selecting.swift */; };
		06112F42225D88CF002579DF /* MonthNav.swift in Sources */ = {isa = PBXBuildFile; fileRef = 06112F41225D88CF002579DF /* MonthNav.swift */; };
		061BED41226399A1000CFF4F /* Load&Appear.swift in Sources */ = {isa = PBXBuildFile; fileRef = 061BED40226399A1000CFF4F /* Load&Appear.swift */; };
		061F85A2225E5271001C28B4 /* ButtonSetup.swift in Sources */ = {isa = PBXBuildFile; fileRef = 061F85A1225E5271001C28B4 /* ButtonSetup.swift */; };
		061F85A4225E6EED001C28B4 /* CalendarVars.swift in Sources */ = {isa = PBXBuildFile; fileRef = 061F85A3225E6EED001C28B4 /* CalendarVars.swift */; };
		06349AD7225ACCBB00FBFE88 /* Assets.xcassets in Resources */ = {isa = PBXBuildFile; fileRef = 06349AD6225ACCBB00FBFE88 /* Assets.xcassets */; };
		06349ADA225ACCBB00FBFE88 /* LaunchScreen.storyboard in Resources */ = {isa = PBXBuildFile; fileRef = 06349AD8225ACCBB00FBFE88 /* LaunchScreen.storyboard */; };
		06349AE5225ACDCF00FBFE88 /* Orientation.swift in Sources */ = {isa = PBXBuildFile; fileRef = 06349AE2225ACDCF00FBFE88 /* Orientation.swift */; };
		06349AE6225ACDCF00FBFE88 /* Lifecycle.swift in Sources */ = {isa = PBXBuildFile; fileRef = 06349AE3225ACDCF00FBFE88 /* Lifecycle.swift */; };
		06349AE7225ACDCF00FBFE88 /* AppDelegate.swift in Sources */ = {isa = PBXBuildFile; fileRef = 06349AE4225ACDCF00FBFE88 /* AppDelegate.swift */; };
		06349AEA225ACDDB00FBFE88 /* Vars.swift in Sources */ = {isa = PBXBuildFile; fileRef = 06349AE8225ACDDB00FBFE88 /* Vars.swift */; };
		06349AEB225ACDDB00FBFE88 /* Description.swift in Sources */ = {isa = PBXBuildFile; fileRef = 06349AE9225ACDDB00FBFE88 /* Description.swift */; };
		06349B02225ACE0000FBFE88 /* CustomCell.swift in Sources */ = {isa = PBXBuildFile; fileRef = 06349AED225ACE0000FBFE88 /* CustomCell.swift */; };
		06349B03225ACE0000FBFE88 /* StringMethods.swift in Sources */ = {isa = PBXBuildFile; fileRef = 06349AEE225ACE0000FBFE88 /* StringMethods.swift */; };
		06349B04225ACE0000FBFE88 /* Colours.swift in Sources */ = {isa = PBXBuildFile; fileRef = 06349AF0225ACE0000FBFE88 /* Colours.swift */; };
		06349B05225ACE0000FBFE88 /* Attributes.swift in Sources */ = {isa = PBXBuildFile; fileRef = 06349AF1225ACE0000FBFE88 /* Attributes.swift */; };
		06349B06225ACE0000FBFE88 /* ZIndex.swift in Sources */ = {isa = PBXBuildFile; fileRef = 06349AF2225ACE0000FBFE88 /* ZIndex.swift */; };
		06349B07225ACE0000FBFE88 /* CellSizeModes.swift in Sources */ = {isa = PBXBuildFile; fileRef = 06349AF3225ACE0000FBFE88 /* CellSizeModes.swift */; };
		06349B08225ACE0000FBFE88 /* Layout.swift in Sources */ = {isa = PBXBuildFile; fileRef = 06349AF4225ACE0000FBFE88 /* Layout.swift */; };
		06349B09225ACE0000FBFE88 /* Prepare.swift in Sources */ = {isa = PBXBuildFile; fileRef = 06349AF5225ACE0000FBFE88 /* Prepare.swift */; };
		06349B0A225ACE0000FBFE88 /* TestSquare.swift in Sources */ = {isa = PBXBuildFile; fileRef = 06349AF7225ACE0000FBFE88 /* TestSquare.swift */; };
		06349B0C225ACE0000FBFE88 /* DeviceType.swift in Sources */ = {isa = PBXBuildFile; fileRef = 06349AF9225ACE0000FBFE88 /* DeviceType.swift */; };
		06349B0D225ACE0000FBFE88 /* NavBarSetup.swift in Sources */ = {isa = PBXBuildFile; fileRef = 06349AFB225ACE0000FBFE88 /* NavBarSetup.swift */; };
		06349B0E225ACE0000FBFE88 /* ExtraPresent&Reload.swift in Sources */ = {isa = PBXBuildFile; fileRef = 06349AFC225ACE0000FBFE88 /* ExtraPresent&Reload.swift */; };
		06349B0F225ACE0000FBFE88 /* Present&Reload.swift in Sources */ = {isa = PBXBuildFile; fileRef = 06349AFD225ACE0000FBFE88 /* Present&Reload.swift */; };
		06349B10225ACE0000FBFE88 /* CellColours.swift in Sources */ = {isa = PBXBuildFile; fileRef = 06349AFF225ACE0000FBFE88 /* CellColours.swift */; };
		06349B11225ACE0000FBFE88 /* SetTopVC.swift in Sources */ = {isa = PBXBuildFile; fileRef = 06349B00225ACE0000FBFE88 /* SetTopVC.swift */; };
		06349B12225ACE0000FBFE88 /* CollectionVC.swift in Sources */ = {isa = PBXBuildFile; fileRef = 06349B01225ACE0000FBFE88 /* CollectionVC.swift */; };
		06349B14225AFBAF00FBFE88 /* CellDates.swift in Sources */ = {isa = PBXBuildFile; fileRef = 06349B13225AFBAF00FBFE88 /* CellDates.swift */; };
		0669AA14225C49C500E2AE8E /* Dates.swift in Sources */ = {isa = PBXBuildFile; fileRef = 0669AA13225C49C500E2AE8E /* Dates.swift */; };
		06B84BE622602C23004F44DD /* CollectionViewType.swift in Sources */ = {isa = PBXBuildFile; fileRef = 06B84BE522602C23004F44DD /* CollectionViewType.swift */; };
/* End PBXBuildFile section */

/* Begin PBXFileReference section */
		061025632260FC530004F464 /* Selecting.swift */ = {isa = PBXFileReference; lastKnownFileType = sourcecode.swift; path = Selecting.swift; sourceTree = "<group>"; };
		06112F41225D88CF002579DF /* MonthNav.swift */ = {isa = PBXFileReference; lastKnownFileType = sourcecode.swift; path = MonthNav.swift; sourceTree = "<group>"; };
		061BED40226399A1000CFF4F /* Load&Appear.swift */ = {isa = PBXFileReference; lastKnownFileType = sourcecode.swift; path = "Load&Appear.swift"; sourceTree = "<group>"; };
		061F85A1225E5271001C28B4 /* ButtonSetup.swift */ = {isa = PBXFileReference; lastKnownFileType = sourcecode.swift; path = ButtonSetup.swift; sourceTree = "<group>"; };
		061F85A3225E6EED001C28B4 /* CalendarVars.swift */ = {isa = PBXFileReference; lastKnownFileType = sourcecode.swift; path = CalendarVars.swift; sourceTree = "<group>"; };
		06349ACC225ACCB900FBFE88 /* DMY-Tabs-Calendar.app */ = {isa = PBXFileReference; explicitFileType = wrapper.application; includeInIndex = 0; path = "DMY-Tabs-Calendar.app"; sourceTree = BUILT_PRODUCTS_DIR; };
		06349AD6225ACCBB00FBFE88 /* Assets.xcassets */ = {isa = PBXFileReference; lastKnownFileType = folder.assetcatalog; path = Assets.xcassets; sourceTree = "<group>"; };
		06349AD9225ACCBB00FBFE88 /* Base */ = {isa = PBXFileReference; lastKnownFileType = file.storyboard; name = Base; path = Base.lproj/LaunchScreen.storyboard; sourceTree = "<group>"; };
		06349ADB225ACCBB00FBFE88 /* Info.plist */ = {isa = PBXFileReference; lastKnownFileType = text.plist.xml; path = Info.plist; sourceTree = "<group>"; };
		06349AE2225ACDCF00FBFE88 /* Orientation.swift */ = {isa = PBXFileReference; fileEncoding = 4; lastKnownFileType = sourcecode.swift; path = Orientation.swift; sourceTree = "<group>"; };
		06349AE3225ACDCF00FBFE88 /* Lifecycle.swift */ = {isa = PBXFileReference; fileEncoding = 4; lastKnownFileType = sourcecode.swift; path = Lifecycle.swift; sourceTree = "<group>"; };
		06349AE4225ACDCF00FBFE88 /* AppDelegate.swift */ = {isa = PBXFileReference; fileEncoding = 4; lastKnownFileType = sourcecode.swift; path = AppDelegate.swift; sourceTree = "<group>"; };
		06349AE8225ACDDB00FBFE88 /* Vars.swift */ = {isa = PBXFileReference; fileEncoding = 4; lastKnownFileType = sourcecode.swift; path = Vars.swift; sourceTree = "<group>"; };
		06349AE9225ACDDB00FBFE88 /* Description.swift */ = {isa = PBXFileReference; fileEncoding = 4; lastKnownFileType = sourcecode.swift; path = Description.swift; sourceTree = "<group>"; };
		06349AED225ACE0000FBFE88 /* CustomCell.swift */ = {isa = PBXFileReference; fileEncoding = 4; lastKnownFileType = sourcecode.swift; path = CustomCell.swift; sourceTree = "<group>"; };
		06349AEE225ACE0000FBFE88 /* StringMethods.swift */ = {isa = PBXFileReference; fileEncoding = 4; lastKnownFileType = sourcecode.swift; path = StringMethods.swift; sourceTree = "<group>"; };
		06349AF0225ACE0000FBFE88 /* Colours.swift */ = {isa = PBXFileReference; fileEncoding = 4; lastKnownFileType = sourcecode.swift; path = Colours.swift; sourceTree = "<group>"; };
		06349AF1225ACE0000FBFE88 /* Attributes.swift */ = {isa = PBXFileReference; fileEncoding = 4; lastKnownFileType = sourcecode.swift; path = Attributes.swift; sourceTree = "<group>"; };
		06349AF2225ACE0000FBFE88 /* ZIndex.swift */ = {isa = PBXFileReference; fileEncoding = 4; lastKnownFileType = sourcecode.swift; path = ZIndex.swift; sourceTree = "<group>"; };
		06349AF3225ACE0000FBFE88 /* CellSizeModes.swift */ = {isa = PBXFileReference; fileEncoding = 4; lastKnownFileType = sourcecode.swift; path = CellSizeModes.swift; sourceTree = "<group>"; };
		06349AF4225ACE0000FBFE88 /* Layout.swift */ = {isa = PBXFileReference; fileEncoding = 4; lastKnownFileType = sourcecode.swift; path = Layout.swift; sourceTree = "<group>"; };
		06349AF5225ACE0000FBFE88 /* Prepare.swift */ = {isa = PBXFileReference; fileEncoding = 4; lastKnownFileType = sourcecode.swift; path = Prepare.swift; sourceTree = "<group>"; };
		06349AF7225ACE0000FBFE88 /* TestSquare.swift */ = {isa = PBXFileReference; fileEncoding = 4; lastKnownFileType = sourcecode.swift; path = TestSquare.swift; sourceTree = "<group>"; };
		06349AF9225ACE0000FBFE88 /* DeviceType.swift */ = {isa = PBXFileReference; fileEncoding = 4; lastKnownFileType = sourcecode.swift; path = DeviceType.swift; sourceTree = "<group>"; };
		06349AFB225ACE0000FBFE88 /* NavBarSetup.swift */ = {isa = PBXFileReference; fileEncoding = 4; lastKnownFileType = sourcecode.swift; path = NavBarSetup.swift; sourceTree = "<group>"; };
		06349AFC225ACE0000FBFE88 /* ExtraPresent&Reload.swift */ = {isa = PBXFileReference; fileEncoding = 4; lastKnownFileType = sourcecode.swift; path = "ExtraPresent&Reload.swift"; sourceTree = "<group>"; };
		06349AFD225ACE0000FBFE88 /* Present&Reload.swift */ = {isa = PBXFileReference; fileEncoding = 4; lastKnownFileType = sourcecode.swift; path = "Present&Reload.swift"; sourceTree = "<group>"; };
		06349AFF225ACE0000FBFE88 /* CellColours.swift */ = {isa = PBXFileReference; fileEncoding = 4; lastKnownFileType = sourcecode.swift; path = CellColours.swift; sourceTree = "<group>"; };
		06349B00225ACE0000FBFE88 /* SetTopVC.swift */ = {isa = PBXFileReference; fileEncoding = 4; lastKnownFileType = sourcecode.swift; path = SetTopVC.swift; sourceTree = "<group>"; };
		06349B01225ACE0000FBFE88 /* CollectionVC.swift */ = {isa = PBXFileReference; fileEncoding = 4; lastKnownFileType = sourcecode.swift; path = CollectionVC.swift; sourceTree = "<group>"; };
		06349B13225AFBAF00FBFE88 /* CellDates.swift */ = {isa = PBXFileReference; lastKnownFileType = sourcecode.swift; path = CellDates.swift; sourceTree = "<group>"; };
		0669AA13225C49C500E2AE8E /* Dates.swift */ = {isa = PBXFileReference; lastKnownFileType = sourcecode.swift; path = Dates.swift; sourceTree = "<group>"; };
		06B84BE522602C23004F44DD /* CollectionViewType.swift */ = {isa = PBXFileReference; lastKnownFileType = sourcecode.swift; path = CollectionViewType.swift; sourceTree = "<group>"; };
/* End PBXFileReference section */

/* Begin PBXFrameworksBuildPhase section */
		06349AC9225ACCB900FBFE88 /* Frameworks */ = {
			isa = PBXFrameworksBuildPhase;
			buildActionMask = 2147483647;
			files = (
			);
			runOnlyForDeploymentPostprocessing = 0;
		};
/* End PBXFrameworksBuildPhase section */

/* Begin PBXGroup section */
		061025612260DC750004F464 /* ViewModel */ = {
			isa = PBXGroup;
			children = (
				06349AF4225ACE0000FBFE88 /* Layout.swift */,
				06349AF5225ACE0000FBFE88 /* Prepare.swift */,
				06349AF3225ACE0000FBFE88 /* CellSizeModes.swift */,
				06349AF1225ACE0000FBFE88 /* Attributes.swift */,
				06349AF2225ACE0000FBFE88 /* ZIndex.swift */,
			);
			path = ViewModel;
			sourceTree = "<group>";
		};
		06102565226100EA0004F464 /* VC */ = {
			isa = PBXGroup;
			children = (
				06349B01225ACE0000FBFE88 /* CollectionVC.swift */,
				061BED40226399A1000CFF4F /* Load&Appear.swift */,
				061025632260FC530004F464 /* Selecting.swift */,
				06349AFF225ACE0000FBFE88 /* CellColours.swift */,
				06349B13225AFBAF00FBFE88 /* CellDates.swift */,
				06112F41225D88CF002579DF /* MonthNav.swift */,
			);
			path = VC;
			sourceTree = "<group>";
		};
		06349AC3225ACCB900FBFE88 = {
			isa = PBXGroup;
			children = (
				06349AE9225ACDDB00FBFE88 /* Description.swift */,
				06349AE8225ACDDB00FBFE88 /* Vars.swift */,
				061F85A3225E6EED001C28B4 /* CalendarVars.swift */,
				06349AE1225ACDCF00FBFE88 /* Delegate */,
				06349AEC225ACE0000FBFE88 /* Model */,
				06349AEF225ACE0000FBFE88 /* View */,
				061025612260DC750004F464 /* ViewModel */,
				06349AFE225ACE0000FBFE88 /* Controller */,
				06349AF6225ACE0000FBFE88 /* PropertyChecks */,
				06349ACE225ACCB900FBFE88 /* DMY-Tabs-Calendar */,
				06349ACD225ACCB900FBFE88 /* Products */,
			);
			sourceTree = "<group>";
		};
		06349ACD225ACCB900FBFE88 /* Products */ = {
			isa = PBXGroup;
			children = (
				06349ACC225ACCB900FBFE88 /* DMY-Tabs-Calendar.app */,
			);
			name = Products;
			sourceTree = "<group>";
		};
		06349ACE225ACCB900FBFE88 /* DMY-Tabs-Calendar */ = {
			isa = PBXGroup;
			children = (
				06349AD6225ACCBB00FBFE88 /* Assets.xcassets */,
				06349AD8225ACCBB00FBFE88 /* LaunchScreen.storyboard */,
				06349ADB225ACCBB00FBFE88 /* Info.plist */,
			);
			path = "DMY-Tabs-Calendar";
			sourceTree = "<group>";
		};
		06349AE1225ACDCF00FBFE88 /* Delegate */ = {
			isa = PBXGroup;
			children = (
				06349AE4225ACDCF00FBFE88 /* AppDelegate.swift */,
				06349AE3225ACDCF00FBFE88 /* Lifecycle.swift */,
			);
			path = Delegate;
			sourceTree = "<group>";
		};
		06349AEC225ACE0000FBFE88 /* Model */ = {
			isa = PBXGroup;
			children = (
				0669AA13225C49C500E2AE8E /* Dates.swift */,
				06349AEE225ACE0000FBFE88 /* StringMethods.swift */,
				06349AED225ACE0000FBFE88 /* CustomCell.swift */,
			);
			path = Model;
			sourceTree = "<group>";
		};
		06349AEF225ACE0000FBFE88 /* View */ = {
			isa = PBXGroup;
			children = (
				06349AF0225ACE0000FBFE88 /* Colours.swift */,
			);
			path = View;
			sourceTree = "<group>";
		};
		06349AF6225ACE0000FBFE88 /* PropertyChecks */ = {
			isa = PBXGroup;
			children = (
				06349AE2225ACDCF00FBFE88 /* Orientation.swift */,
				06B84BE522602C23004F44DD /* CollectionViewType.swift */,
				06349AF9225ACE0000FBFE88 /* DeviceType.swift */,
				06349AF7225ACE0000FBFE88 /* TestSquare.swift */,
			);
			path = PropertyChecks;
			sourceTree = "<group>";
		};
		06349AFA225ACE0000FBFE88 /* Navigation */ = {
			isa = PBXGroup;
			children = (
				06349AFD225ACE0000FBFE88 /* Present&Reload.swift */,
				06349AFC225ACE0000FBFE88 /* ExtraPresent&Reload.swift */,
				06349AFB225ACE0000FBFE88 /* NavBarSetup.swift */,
				061F85A1225E5271001C28B4 /* ButtonSetup.swift */,
				06349B00225ACE0000FBFE88 /* SetTopVC.swift */,
			);
			path = Navigation;
			sourceTree = "<group>";
		};
		06349AFE225ACE0000FBFE88 /* Controller */ = {
			isa = PBXGroup;
			children = (
				06102565226100EA0004F464 /* VC */,
				06349AFA225ACE0000FBFE88 /* Navigation */,
			);
			path = Controller;
			sourceTree = "<group>";
		};
/* End PBXGroup section */

/* Begin PBXNativeTarget section */
		06349ACB225ACCB900FBFE88 /* DMY-Tabs-Calendar */ = {
			isa = PBXNativeTarget;
			buildConfigurationList = 06349ADE225ACCBB00FBFE88 /* Build configuration list for PBXNativeTarget "DMY-Tabs-Calendar" */;
			buildPhases = (
				06349AC8225ACCB900FBFE88 /* Sources */,
				06349AC9225ACCB900FBFE88 /* Frameworks */,
				06349ACA225ACCB900FBFE88 /* Resources */,
			);
			buildRules = (
			);
			dependencies = (
			);
			name = "DMY-Tabs-Calendar";
			productName = "DMY-Tabs-Calendar";
			productReference = 06349ACC225ACCB900FBFE88 /* DMY-Tabs-Calendar.app */;
			productType = "com.apple.product-type.application";
		};
/* End PBXNativeTarget section */

/* Begin PBXProject section */
		06349AC4225ACCB900FBFE88 /* Project object */ = {
			isa = PBXProject;
			attributes = {
				LastSwiftUpdateCheck = 1020;
				LastUpgradeCheck = 1020;
				ORGANIZATIONNAME = "Garth Snyder";
				TargetAttributes = {
					06349ACB225ACCB900FBFE88 = {
						CreatedOnToolsVersion = 10.2;
					};
				};
			};
			buildConfigurationList = 06349AC7225ACCB900FBFE88 /* Build configuration list for PBXProject "DMY-Tabs-Calendar" */;
			compatibilityVersion = "Xcode 9.3";
			developmentRegion = en;
			hasScannedForEncodings = 0;
			knownRegions = (
				en,
				Base,
			);
			mainGroup = 06349AC3225ACCB900FBFE88;
			productRefGroup = 06349ACD225ACCB900FBFE88 /* Products */;
			projectDirPath = "";
			projectRoot = "";
			targets = (
				06349ACB225ACCB900FBFE88 /* DMY-Tabs-Calendar */,
			);
		};
/* End PBXProject section */

/* Begin PBXResourcesBuildPhase section */
		06349ACA225ACCB900FBFE88 /* Resources */ = {
			isa = PBXResourcesBuildPhase;
			buildActionMask = 2147483647;
			files = (
				06349ADA225ACCBB00FBFE88 /* LaunchScreen.storyboard in Resources */,
				06349AD7225ACCBB00FBFE88 /* Assets.xcassets in Resources */,
			);
			runOnlyForDeploymentPostprocessing = 0;
		};
/* End PBXResourcesBuildPhase section */

/* Begin PBXSourcesBuildPhase section */
		06349AC8225ACCB900FBFE88 /* Sources */ = {
			isa = PBXSourcesBuildPhase;
			buildActionMask = 2147483647;
			files = (
				06349B0C225ACE0000FBFE88 /* DeviceType.swift in Sources */,
				06349B14225AFBAF00FBFE88 /* CellDates.swift in Sources */,
				06349B11225ACE0000FBFE88 /* SetTopVC.swift in Sources */,
				06349B12225ACE0000FBFE88 /* CollectionVC.swift in Sources */,
				06349B0E225ACE0000FBFE88 /* ExtraPresent&Reload.swift in Sources */,
				06349AE7225ACDCF00FBFE88 /* AppDelegate.swift in Sources */,
				061BED41226399A1000CFF4F /* Load&Appear.swift in Sources */,
				06349B06225ACE0000FBFE88 /* ZIndex.swift in Sources */,
				06112F42225D88CF002579DF /* MonthNav.swift in Sources */,
				061025642260FC540004F464 /* Selecting.swift in Sources */,
				06349B03225ACE0000FBFE88 /* StringMethods.swift in Sources */,
				061F85A4225E6EED001C28B4 /* CalendarVars.swift in Sources */,
				06349B07225ACE0000FBFE88 /* CellSizeModes.swift in Sources */,
				06349AEA225ACDDB00FBFE88 /* Vars.swift in Sources */,
				06349B08225ACE0000FBFE88 /* Layout.swift in Sources */,
				06349AEB225ACDDB00FBFE88 /* Description.swift in Sources */,
				06349AE6225ACDCF00FBFE88 /* Lifecycle.swift in Sources */,
				06349B10225ACE0000FBFE88 /* CellColours.swift in Sources */,
				06B84BE622602C23004F44DD /* CollectionViewType.swift in Sources */,
				0669AA14225C49C500E2AE8E /* Dates.swift in Sources */,
				06349B0F225ACE0000FBFE88 /* Present&Reload.swift in Sources */,
				06349B02225ACE0000FBFE88 /* CustomCell.swift in Sources */,
				06349AE5225ACDCF00FBFE88 /* Orientation.swift in Sources */,
				06349B0D225ACE0000FBFE88 /* NavBarSetup.swift in Sources */,
				06349B05225ACE0000FBFE88 /* Attributes.swift in Sources */,
				061F85A2225E5271001C28B4 /* ButtonSetup.swift in Sources */,
				06349B09225ACE0000FBFE88 /* Prepare.swift in Sources */,
				06349B0A225ACE0000FBFE88 /* TestSquare.swift in Sources */,
				06349B04225ACE0000FBFE88 /* Colours.swift in Sources */,
			);
			runOnlyForDeploymentPostprocessing = 0;
		};
/* End PBXSourcesBuildPhase section */

/* Begin PBXVariantGroup section */
		06349AD8225ACCBB00FBFE88 /* LaunchScreen.storyboard */ = {
			isa = PBXVariantGroup;
			children = (
				06349AD9225ACCBB00FBFE88 /* Base */,
			);
			name = LaunchScreen.storyboard;
			sourceTree = "<group>";
		};
/* End PBXVariantGroup section */

/* Begin XCBuildConfiguration section */
		06349ADC225ACCBB00FBFE88 /* Debug */ = {
			isa = XCBuildConfiguration;
			buildSettings = {
				ALWAYS_SEARCH_USER_PATHS = NO;
				CLANG_ANALYZER_NONNULL = YES;
				CLANG_ANALYZER_NUMBER_OBJECT_CONVERSION = YES_AGGRESSIVE;
				CLANG_CXX_LANGUAGE_STANDARD = "gnu++14";
				CLANG_CXX_LIBRARY = "libc++";
				CLANG_ENABLE_MODULES = YES;
				CLANG_ENABLE_OBJC_ARC = YES;
				CLANG_ENABLE_OBJC_WEAK = YES;
				CLANG_WARN_BLOCK_CAPTURE_AUTORELEASING = YES;
				CLANG_WARN_BOOL_CONVERSION = YES;
				CLANG_WARN_COMMA = YES;
				CLANG_WARN_CONSTANT_CONVERSION = YES;
				CLANG_WARN_DEPRECATED_OBJC_IMPLEMENTATIONS = YES;
				CLANG_WARN_DIRECT_OBJC_ISA_USAGE = YES_ERROR;
				CLANG_WARN_DOCUMENTATION_COMMENTS = YES;
				CLANG_WARN_EMPTY_BODY = YES;
				CLANG_WARN_ENUM_CONVERSION = YES;
				CLANG_WARN_INFINITE_RECURSION = YES;
				CLANG_WARN_INT_CONVERSION = YES;
				CLANG_WARN_NON_LITERAL_NULL_CONVERSION = YES;
				CLANG_WARN_OBJC_IMPLICIT_RETAIN_SELF = YES;
				CLANG_WARN_OBJC_LITERAL_CONVERSION = YES;
				CLANG_WARN_OBJC_ROOT_CLASS = YES_ERROR;
				CLANG_WARN_RANGE_LOOP_ANALYSIS = YES;
				CLANG_WARN_STRICT_PROTOTYPES = YES;
				CLANG_WARN_SUSPICIOUS_MOVE = YES;
				CLANG_WARN_UNGUARDED_AVAILABILITY = YES_AGGRESSIVE;
				CLANG_WARN_UNREACHABLE_CODE = YES;
				CLANG_WARN__DUPLICATE_METHOD_MATCH = YES;
				CODE_SIGN_IDENTITY = "iPhone Developer";
				COPY_PHASE_STRIP = NO;
				DEBUG_INFORMATION_FORMAT = dwarf;
				ENABLE_STRICT_OBJC_MSGSEND = YES;
				ENABLE_TESTABILITY = YES;
				GCC_C_LANGUAGE_STANDARD = gnu11;
				GCC_DYNAMIC_NO_PIC = NO;
				GCC_NO_COMMON_BLOCKS = YES;
				GCC_OPTIMIZATION_LEVEL = 0;
				GCC_PREPROCESSOR_DEFINITIONS = (
					"DEBUG=1",
					"$(inherited)",
				);
				GCC_WARN_64_TO_32_BIT_CONVERSION = YES;
				GCC_WARN_ABOUT_RETURN_TYPE = YES_ERROR;
				GCC_WARN_UNDECLARED_SELECTOR = YES;
				GCC_WARN_UNINITIALIZED_AUTOS = YES_AGGRESSIVE;
				GCC_WARN_UNUSED_FUNCTION = YES;
				GCC_WARN_UNUSED_VARIABLE = YES;
				IPHONEOS_DEPLOYMENT_TARGET = 12.2;
				MTL_ENABLE_DEBUG_INFO = INCLUDE_SOURCE;
				MTL_FAST_MATH = YES;
				ONLY_ACTIVE_ARCH = YES;
				SDKROOT = iphoneos;
				SWIFT_ACTIVE_COMPILATION_CONDITIONS = DEBUG;
				SWIFT_OPTIMIZATION_LEVEL = "-Onone";
			};
			name = Debug;
		};
		06349ADD225ACCBB00FBFE88 /* Release */ = {
			isa = XCBuildConfiguration;
			buildSettings = {
				ALWAYS_SEARCH_USER_PATHS = NO;
				CLANG_ANALYZER_NONNULL = YES;
				CLANG_ANALYZER_NUMBER_OBJECT_CONVERSION = YES_AGGRESSIVE;
				CLANG_CXX_LANGUAGE_STANDARD = "gnu++14";
				CLANG_CXX_LIBRARY = "libc++";
				CLANG_ENABLE_MODULES = YES;
				CLANG_ENABLE_OBJC_ARC = YES;
				CLANG_ENABLE_OBJC_WEAK = YES;
				CLANG_WARN_BLOCK_CAPTURE_AUTORELEASING = YES;
				CLANG_WARN_BOOL_CONVERSION = YES;
				CLANG_WARN_COMMA = YES;
				CLANG_WARN_CONSTANT_CONVERSION = YES;
				CLANG_WARN_DEPRECATED_OBJC_IMPLEMENTATIONS = YES;
				CLANG_WARN_DIRECT_OBJC_ISA_USAGE = YES_ERROR;
				CLANG_WARN_DOCUMENTATION_COMMENTS = YES;
				CLANG_WARN_EMPTY_BODY = YES;
				CLANG_WARN_ENUM_CONVERSION = YES;
				CLANG_WARN_INFINITE_RECURSION = YES;
				CLANG_WARN_INT_CONVERSION = YES;
				CLANG_WARN_NON_LITERAL_NULL_CONVERSION = YES;
				CLANG_WARN_OBJC_IMPLICIT_RETAIN_SELF = YES;
				CLANG_WARN_OBJC_LITERAL_CONVERSION = YES;
				CLANG_WARN_OBJC_ROOT_CLASS = YES_ERROR;
				CLANG_WARN_RANGE_LOOP_ANALYSIS = YES;
				CLANG_WARN_STRICT_PROTOTYPES = YES;
				CLANG_WARN_SUSPICIOUS_MOVE = YES;
				CLANG_WARN_UNGUARDED_AVAILABILITY = YES_AGGRESSIVE;
				CLANG_WARN_UNREACHABLE_CODE = YES;
				CLANG_WARN__DUPLICATE_METHOD_MATCH = YES;
				CODE_SIGN_IDENTITY = "iPhone Developer";
				COPY_PHASE_STRIP = NO;
				DEBUG_INFORMATION_FORMAT = "dwarf-with-dsym";
				ENABLE_NS_ASSERTIONS = NO;
				ENABLE_STRICT_OBJC_MSGSEND = YES;
				GCC_C_LANGUAGE_STANDARD = gnu11;
				GCC_NO_COMMON_BLOCKS = YES;
				GCC_WARN_64_TO_32_BIT_CONVERSION = YES;
				GCC_WARN_ABOUT_RETURN_TYPE = YES_ERROR;
				GCC_WARN_UNDECLARED_SELECTOR = YES;
				GCC_WARN_UNINITIALIZED_AUTOS = YES_AGGRESSIVE;
				GCC_WARN_UNUSED_FUNCTION = YES;
				GCC_WARN_UNUSED_VARIABLE = YES;
				IPHONEOS_DEPLOYMENT_TARGET = 12.2;
				MTL_ENABLE_DEBUG_INFO = NO;
				MTL_FAST_MATH = YES;
				SDKROOT = iphoneos;
				SWIFT_COMPILATION_MODE = wholemodule;
				SWIFT_OPTIMIZATION_LEVEL = "-O";
				VALIDATE_PRODUCT = YES;
			};
			name = Release;
		};
		06349ADF225ACCBB00FBFE88 /* Debug */ = {
			isa = XCBuildConfiguration;
			buildSettings = {
				ASSETCATALOG_COMPILER_APPICON_NAME = AppIcon;
				CODE_SIGN_IDENTITY = "iPhone Developer";
				CODE_SIGN_STYLE = Automatic;
				DEVELOPMENT_TEAM = KX84NTAHJ6;
				INFOPLIST_FILE = "DMY-Tabs-Calendar/Info.plist";
				IPHONEOS_DEPLOYMENT_TARGET = 12.1;
				LD_RUNPATH_SEARCH_PATHS = (
					"$(inherited)",
					"@executable_path/Frameworks",
				);
				PRODUCT_BUNDLE_IDENTIFIER = "com.example.DMY-Tabs-Calendar";
				PRODUCT_NAME = "$(TARGET_NAME)";
				PROVISIONING_PROFILE_SPECIFIER = "";
				SWIFT_VERSION = 5.0;
				TARGETED_DEVICE_FAMILY = "1,2";
			};
			name = Debug;
		};
		06349AE0225ACCBB00FBFE88 /* Release */ = {
			isa = XCBuildConfiguration;
			buildSettings = {
				ASSETCATALOG_COMPILER_APPICON_NAME = AppIcon;
				CODE_SIGN_IDENTITY = "iPhone Developer";
				CODE_SIGN_STYLE = Automatic;
				DEVELOPMENT_TEAM = KX84NTAHJ6;
				INFOPLIST_FILE = "DMY-Tabs-Calendar/Info.plist";
				IPHONEOS_DEPLOYMENT_TARGET = 12.1;
				LD_RUNPATH_SEARCH_PATHS = (
					"$(inherited)",
					"@executable_path/Frameworks",
				);
				PRODUCT_BUNDLE_IDENTIFIER = "com.example.DMY-Tabs-Calendar";
				PRODUCT_NAME = "$(TARGET_NAME)";
				PROVISIONING_PROFILE_SPECIFIER = "";
				SWIFT_VERSION = 5.0;
				TARGETED_DEVICE_FAMILY = "1,2";
			};
			name = Release;
		};
/* End XCBuildConfiguration section */

/* Begin XCConfigurationList section */
		06349AC7225ACCB900FBFE88 /* Build configuration list for PBXProject "DMY-Tabs-Calendar" */ = {
			isa = XCConfigurationList;
			buildConfigurations = (
				06349ADC225ACCBB00FBFE88 /* Debug */,
				06349ADD225ACCBB00FBFE88 /* Release */,
			);
			defaultConfigurationIsVisible = 0;
			defaultConfigurationName = Release;
		};
		06349ADE225ACCBB00FBFE88 /* Build configuration list for PBXNativeTarget "DMY-Tabs-Calendar" */ = {
			isa = XCConfigurationList;
			buildConfigurations = (
				06349ADF225ACCBB00FBFE88 /* Debug */,
				06349AE0225ACCBB00FBFE88 /* Release */,
			);
			defaultConfigurationIsVisible = 0;
			defaultConfigurationName = Release;
		};
/* End XCConfigurationList section */
	};
	rootObject = 06349AC4225ACCB900FBFE88 /* Project object */;
}
